
Microsoft Visual Studio Solution File, Format Version 12.00
# Visual Studio Version 16
VisualStudioVersion = 16.0.30503.244
MinimumVisualStudioVersion = 10.0.40219.1
Project("{9A19103F-16F7-4668-BE54-9A1E7A4F7556}") = "Ex1", "Ex1\Ex1.csproj", "{5BCCDD97-60F0-4ECB-A788-FD4C120B9F3A}"
EndProject
Project("{9A19103F-16F7-4668-BE54-9A1E7A4F7556}") = "Ex2", "Ex2\Ex2.csproj", "{CEA0DE5F-D2D4-4A63-A50F-7FC9D8C19CE6}"
EndProject
Project("{9A19103F-16F7-4668-BE54-9A1E7A4F7556}") = "Ex3", "Ex3\Ex3.csproj", "{21C3F896-947A-49B4-96BF-74E89B7CAF0E}"
EndProject
Project("{9A19103F-16F7-4668-BE54-9A1E7A4F7556}") = "Ex4", "Ex4\Ex4.csproj", "{31E6992F-917C-4D1F-B730-183C571780A9}"
EndProject
Project("{9A19103F-16F7-4668-BE54-9A1E7A4F7556}") = "Ex5", "Ex5\Ex5.csproj", "{4E36EA32-B1D0-4EC2-A73D-C30024948B7D}"
EndProject
Project("{9A19103F-16F7-4668-BE54-9A1E7A4F7556}") = "Ex6", "Ex6\Ex6.csproj", "{0626C521-0B49-4199-9A3F-B0A688D25DEE}"
EndProject
Project("{9A19103F-16F7-4668-BE54-9A1E7A4F7556}") = "Ex7", "Ex7\Ex7.csproj", "{9D10F900-B08F-4BA2-B595-1EE69F572B22}"
EndProject
Project("{9A19103F-16F7-4668-BE54-9A1E7A4F7556}") = "Ex.8", "Ex.8\Ex.8.csproj", "{41145D69-FD95-4765-AFA6-72EDD61F49F1}"
EndProject
Project("{9A19103F-16F7-4668-BE54-9A1E7A4F7556}") = "Ex9", "Ex9\Ex9.csproj", "{0E0380BE-01F1-4062-8D6D-2A559711A937}"
EndProject
Project("{9A19103F-16F7-4668-BE54-9A1E7A4F7556}") = "Ex10", "Ex10\Ex10.csproj", "{EA23918B-8126-4B83-A27D-AF0C67D7C908}"
EndProject
Project("{9A19103F-16F7-4668-BE54-9A1E7A4F7556}") = "Ex11", "Ex11\Ex11.csproj", "{F53DAC10-0179-4001-ADD5-D839E012DB60}"
EndProject
Project("{FAE04EC0-301F-11D3-BF4B-00C04F79EFBC}") = "Ex12", "Ex12\Ex12.csproj", "{CAE51D11-97F5-4510-A331-70A8B25A99F1}"
EndProject
Project("{FAE04EC0-301F-11D3-BF4B-00C04F79EFBC}") = "Ex13", "Ex13\Ex13.csproj", "{D414EA02-C03D-49E8-BC21-EC6C89530219}"
EndProject
Project("{FAE04EC0-301F-11D3-BF4B-00C04F79EFBC}") = "Ex14", "Ex14\Ex14.csproj", "{27FF80A6-A796-4BC3-9365-9D9811FB5AC5}"
EndProject
Global
	GlobalSection(SolutionConfigurationPlatforms) = preSolution
		Debug|Any CPU = Debug|Any CPU
		Release|Any CPU = Release|Any CPU
	EndGlobalSection
	GlobalSection(ProjectConfigurationPlatforms) = postSolution
		{5BCCDD97-60F0-4ECB-A788-FD4C120B9F3A}.Debug|Any CPU.ActiveCfg = Debug|Any CPU
		{5BCCDD97-60F0-4ECB-A788-FD4C120B9F3A}.Debug|Any CPU.Build.0 = Debug|Any CPU
		{5BCCDD97-60F0-4ECB-A788-FD4C120B9F3A}.Release|Any CPU.ActiveCfg = Release|Any CPU
		{5BCCDD97-60F0-4ECB-A788-FD4C120B9F3A}.Release|Any CPU.Build.0 = Release|Any CPU
		{CEA0DE5F-D2D4-4A63-A50F-7FC9D8C19CE6}.Debug|Any CPU.ActiveCfg = Debug|Any CPU
		{CEA0DE5F-D2D4-4A63-A50F-7FC9D8C19CE6}.Debug|Any CPU.Build.0 = Debug|Any CPU
		{CEA0DE5F-D2D4-4A63-A50F-7FC9D8C19CE6}.Release|Any CPU.ActiveCfg = Release|Any CPU
		{CEA0DE5F-D2D4-4A63-A50F-7FC9D8C19CE6}.Release|Any CPU.Build.0 = Release|Any CPU
		{21C3F896-947A-49B4-96BF-74E89B7CAF0E}.Debug|Any CPU.ActiveCfg = Debug|Any CPU
		{21C3F896-947A-49B4-96BF-74E89B7CAF0E}.Debug|Any CPU.Build.0 = Debug|Any CPU
		{21C3F896-947A-49B4-96BF-74E89B7CAF0E}.Release|Any CPU.ActiveCfg = Release|Any CPU
		{21C3F896-947A-49B4-96BF-74E89B7CAF0E}.Release|Any CPU.Build.0 = Release|Any CPU
		{31E6992F-917C-4D1F-B730-183C571780A9}.Debug|Any CPU.ActiveCfg = Debug|Any CPU
		{31E6992F-917C-4D1F-B730-183C571780A9}.Debug|Any CPU.Build.0 = Debug|Any CPU
		{31E6992F-917C-4D1F-B730-183C571780A9}.Release|Any CPU.ActiveCfg = Release|Any CPU
		{31E6992F-917C-4D1F-B730-183C571780A9}.Release|Any CPU.Build.0 = Release|Any CPU
		{4E36EA32-B1D0-4EC2-A73D-C30024948B7D}.Debug|Any CPU.ActiveCfg = Debug|Any CPU
		{4E36EA32-B1D0-4EC2-A73D-C30024948B7D}.Debug|Any CPU.Build.0 = Debug|Any CPU
		{4E36EA32-B1D0-4EC2-A73D-C30024948B7D}.Release|Any CPU.ActiveCfg = Release|Any CPU
		{4E36EA32-B1D0-4EC2-A73D-C30024948B7D}.Release|Any CPU.Build.0 = Release|Any CPU
		{0626C521-0B49-4199-9A3F-B0A688D25DEE}.Debug|Any CPU.ActiveCfg = Debug|Any CPU
		{0626C521-0B49-4199-9A3F-B0A688D25DEE}.Debug|Any CPU.Build.0 = Debug|Any CPU
		{0626C521-0B49-4199-9A3F-B0A688D25DEE}.Release|Any CPU.ActiveCfg = Release|Any CPU
		{0626C521-0B49-4199-9A3F-B0A688D25DEE}.Release|Any CPU.Build.0 = Release|Any CPU
		{9D10F900-B08F-4BA2-B595-1EE69F572B22}.Debug|Any CPU.ActiveCfg = Debug|Any CPU
		{9D10F900-B08F-4BA2-B595-1EE69F572B22}.Debug|Any CPU.Build.0 = Debug|Any CPU
		{9D10F900-B08F-4BA2-B595-1EE69F572B22}.Release|Any CPU.ActiveCfg = Release|Any CPU
		{9D10F900-B08F-4BA2-B595-1EE69F572B22}.Release|Any CPU.Build.0 = Release|Any CPU
		{41145D69-FD95-4765-AFA6-72EDD61F49F1}.Debug|Any CPU.ActiveCfg = Debug|Any CPU
		{41145D69-FD95-4765-AFA6-72EDD61F49F1}.Debug|Any CPU.Build.0 = Debug|Any CPU
		{41145D69-FD95-4765-AFA6-72EDD61F49F1}.Release|Any CPU.ActiveCfg = Release|Any CPU
		{41145D69-FD95-4765-AFA6-72EDD61F49F1}.Release|Any CPU.Build.0 = Release|Any CPU
		{0E0380BE-01F1-4062-8D6D-2A559711A937}.Debug|Any CPU.ActiveCfg = Debug|Any CPU
		{0E0380BE-01F1-4062-8D6D-2A559711A937}.Debug|Any CPU.Build.0 = Debug|Any CPU
		{0E0380BE-01F1-4062-8D6D-2A559711A937}.Release|Any CPU.ActiveCfg = Release|Any CPU
		{0E0380BE-01F1-4062-8D6D-2A559711A937}.Release|Any CPU.Build.0 = Release|Any CPU
		{EA23918B-8126-4B83-A27D-AF0C67D7C908}.Debug|Any CPU.ActiveCfg = Debug|Any CPU
		{EA23918B-8126-4B83-A27D-AF0C67D7C908}.Debug|Any CPU.Build.0 = Debug|Any CPU
		{EA23918B-8126-4B83-A27D-AF0C67D7C908}.Release|Any CPU.ActiveCfg = Release|Any CPU
		{EA23918B-8126-4B83-A27D-AF0C67D7C908}.Release|Any CPU.Build.0 = Release|Any CPU
		{F53DAC10-0179-4001-ADD5-D839E012DB60}.Debug|Any CPU.ActiveCfg = Debug|Any CPU
		{F53DAC10-0179-4001-ADD5-D839E012DB60}.Debug|Any CPU.Build.0 = Debug|Any CPU
		{F53DAC10-0179-4001-ADD5-D839E012DB60}.Release|Any CPU.ActiveCfg = Release|Any CPU
		{F53DAC10-0179-4001-ADD5-D839E012DB60}.Release|Any CPU.Build.0 = Release|Any CPU
		{CAE51D11-97F5-4510-A331-70A8B25A99F1}.Debug|Any CPU.ActiveCfg = Debug|Any CPU
		{CAE51D11-97F5-4510-A331-70A8B25A99F1}.Debug|Any CPU.Build.0 = Debug|Any CPU
		{CAE51D11-97F5-4510-A331-70A8B25A99F1}.Release|Any CPU.ActiveCfg = Release|Any CPU
		{CAE51D11-97F5-4510-A331-70A8B25A99F1}.Release|Any CPU.Build.0 = Release|Any CPU
		{D414EA02-C03D-49E8-BC21-EC6C89530219}.Debug|Any CPU.ActiveCfg = Debug|Any CPU
		{D414EA02-C03D-49E8-BC21-EC6C89530219}.Debug|Any CPU.Build.0 = Debug|Any CPU
		{D414EA02-C03D-49E8-BC21-EC6C89530219}.Release|Any CPU.ActiveCfg = Release|Any CPU
		{D414EA02-C03D-49E8-BC21-EC6C89530219}.Release|Any CPU.Build.0 = Release|Any CPU
		{27FF80A6-A796-4BC3-9365-9D9811FB5AC5}.Debug|Any CPU.ActiveCfg = Debug|Any CPU
		{27FF80A6-A796-4BC3-9365-9D9811FB5AC5}.Debug|Any CPU.Build.0 = Debug|Any CPU
		{27FF80A6-A796-4BC3-9365-9D9811FB5AC5}.Release|Any CPU.ActiveCfg = Release|Any CPU
		{27FF80A6-A796-4BC3-9365-9D9811FB5AC5}.Release|Any CPU.Build.0 = Release|Any CPU
	EndGlobalSection
	GlobalSection(SolutionProperties) = preSolution
		HideSolutionNode = FALSE
	EndGlobalSection
	GlobalSection(ExtensibilityGlobals) = postSolution
		SolutionGuid = {3C3FC4D2-87ED-40D3-AA84-07FC8131127D}
	EndGlobalSection
EndGlobal
